
Microsoft Visual Studio Solution File, Format Version 12.00
# Visual Studio 15
VisualStudioVersion = 15.0.27130.2010
MinimumVisualStudioVersion = 10.0.40219.1
Project("{8BC9CEB8-8B4A-11D0-8D11-00A0C91BC942}") = "graphicsTutorials", "graphicsTutorials\graphicsTutorials.vcxproj", "{748EE8E0-9734-462C-A323-2BB1F0D16A0D}"
	ProjectSection(ProjectDependencies) = postProject
		{D122AF25-807D-4529-85A6-033A413FAD5A} = {D122AF25-807D-4529-85A6-033A413FAD5A}
	EndProjectSection
EndProject
Project("{8BC9CEB8-8B4A-11D0-8D11-00A0C91BC942}") = "Bengine", "Bengine\Bengine.vcxproj", "{D122AF25-807D-4529-85A6-033A413FAD5A}"
EndProject
Project("{8BC9CEB8-8B4A-11D0-8D11-00A0C91BC942}") = "ZombieGame", "ZombieGame\ZombieGame.vcxproj", "{14C1D8E2-1A85-4B08-AB2E-0B5705412DB9}"
	ProjectSection(ProjectDependencies) = postProject
		{D122AF25-807D-4529-85A6-033A413FAD5A} = {D122AF25-807D-4529-85A6-033A413FAD5A}
	EndProjectSection
EndProject
Project("{8BC9CEB8-8B4A-11D0-8D11-00A0C91BC942}") = "BallGameNew", "BallGameStolen\BallGameStolen.vcxproj", "{7C6DD87E-6240-4641-8BF5-D1831AB93C24}"
EndProject
Project("{8BC9CEB8-8B4A-11D0-8D11-00A0C91BC942}") = "NinjaPlatformer", "NinjaPlatformer\NinjaPlatformer.vcxproj", "{8FACB9A1-408E-41C6-BBF4-3A95FBEB5083}"
	ProjectSection(ProjectDependencies) = postProject
		{D122AF25-807D-4529-85A6-033A413FAD5A} = {D122AF25-807D-4529-85A6-033A413FAD5A}
	EndProjectSection
EndProject
Global
	GlobalSection(SolutionConfigurationPlatforms) = preSolution
		Debug|Win32 = Debug|Win32
		Release|Win32 = Release|Win32
	EndGlobalSection
	GlobalSection(ProjectConfigurationPlatforms) = postSolution
		{748EE8E0-9734-462C-A323-2BB1F0D16A0D}.Debug|Win32.ActiveCfg = Debug|Win32
		{748EE8E0-9734-462C-A323-2BB1F0D16A0D}.Debug|Win32.Build.0 = Debug|Win32
		{748EE8E0-9734-462C-A323-2BB1F0D16A0D}.Release|Win32.ActiveCfg = Release|Win32
		{748EE8E0-9734-462C-A323-2BB1F0D16A0D}.Release|Win32.Build.0 = Release|Win32
		{D122AF25-807D-4529-85A6-033A413FAD5A}.Debug|Win32.ActiveCfg = Debug|Win32
		{D122AF25-807D-4529-85A6-033A413FAD5A}.Debug|Win32.Build.0 = Debug|Win32
		{D122AF25-807D-4529-85A6-033A413FAD5A}.Release|Win32.ActiveCfg = Release|Win32
		{D122AF25-807D-4529-85A6-033A413FAD5A}.Release|Win32.Build.0 = Release|Win32
		{14C1D8E2-1A85-4B08-AB2E-0B5705412DB9}.Debug|Win32.ActiveCfg = Debug|Win32
		{14C1D8E2-1A85-4B08-AB2E-0B5705412DB9}.Debug|Win32.Build.0 = Debug|Win32
		{14C1D8E2-1A85-4B08-AB2E-0B5705412DB9}.Release|Win32.ActiveCfg = Release|Win32
		{14C1D8E2-1A85-4B08-AB2E-0B5705412DB9}.Release|Win32.Build.0 = Release|Win32
		{7C6DD87E-6240-4641-8BF5-D1831AB93C24}.Debug|Win32.ActiveCfg = Debug|Win32
		{7C6DD87E-6240-4641-8BF5-D1831AB93C24}.Debug|Win32.Build.0 = Debug|Win32
		{7C6DD87E-6240-4641-8BF5-D1831AB93C24}.Release|Win32.ActiveCfg = Release|Win32
		{7C6DD87E-6240-4641-8BF5-D1831AB93C24}.Release|Win32.Build.0 = Release|Win32
		{8FACB9A1-408E-41C6-BBF4-3A95FBEB5083}.Debug|Win32.ActiveCfg = Debug|Win32
		{8FACB9A1-408E-41C6-BBF4-3A95FBEB5083}.Debug|Win32.Build.0 = Debug|Win32
		{8FACB9A1-408E-41C6-BBF4-3A95FBEB5083}.Release|Win32.ActiveCfg = Release|Win32
		{8FACB9A1-408E-41C6-BBF4-3A95FBEB5083}.Release|Win32.Build.0 = Release|Win32
	EndGlobalSection
	GlobalSection(SolutionProperties) = preSolution
		HideSolutionNode = FALSE
	EndGlobalSection
	GlobalSection(ExtensibilityGlobals) = postSolution
		SolutionGuid = {FE409D7B-2BD1-44F7-BC6E-C538936F99AC}
	EndGlobalSection
EndGlobal
